// !$*UTF8*$!
{
	archiveVersion = 1;
	classes = {
	};
	objectVersion = 50;
	objects = {

/* Begin PBXBuildFile section */
		0013D65534E50A3F1BBC4D0E /* Pods_rejackTests.framework in Frameworks */ = {isa = PBXBuildFile; fileRef = F0ADF5A928C73EFD803535F5 /* Pods_rejackTests.framework */; };
		1612C331235C100A0047A03A /* running.png in Resources */ = {isa = PBXBuildFile; fileRef = 1612C330235C100A0047A03A /* running.png */; };
		1612C333235C10100047A03A /* stop.png in Resources */ = {isa = PBXBuildFile; fileRef = 1612C332235C10100047A03A /* stop.png */; };
		162D2C8B2359E7DB00183E24 /* CoreNFC.framework in Frameworks */ = {isa = PBXBuildFile; fileRef = 162075CF2358BC9D003D7316 /* CoreNFC.framework */; settings = {ATTRIBUTES = (Weak, ); }; };
		164A9265235AD3310002901E /* RideOnViewController.swift in Sources */ = {isa = PBXBuildFile; fileRef = 164A9264235AD3310002901E /* RideOnViewController.swift */; };
		164A9267235AD33E0002901E /* RideOffViewController.swift in Sources */ = {isa = PBXBuildFile; fileRef = 164A9266235AD33E0002901E /* RideOffViewController.swift */; };
		164A926F235AD5910002901E /* HomeViewController.swift in Sources */ = {isa = PBXBuildFile; fileRef = 164A926E235AD5910002901E /* HomeViewController.swift */; };
		167330A4237184460027F06D /* StopViewController.swift in Sources */ = {isa = PBXBuildFile; fileRef = 167330A3237184460027F06D /* StopViewController.swift */; };
		16796D6D2358BB2000EAAFFE /* AppDelegate.swift in Sources */ = {isa = PBXBuildFile; fileRef = 16796D6C2358BB2000EAAFFE /* AppDelegate.swift */; };
		16796D722358BB2000EAAFFE /* Main.storyboard in Resources */ = {isa = PBXBuildFile; fileRef = 16796D702358BB2000EAAFFE /* Main.storyboard */; };
		16796D742358BB2100EAAFFE /* Assets.xcassets in Resources */ = {isa = PBXBuildFile; fileRef = 16796D732358BB2100EAAFFE /* Assets.xcassets */; };
		16796D772358BB2100EAAFFE /* LaunchScreen.storyboard in Resources */ = {isa = PBXBuildFile; fileRef = 16796D752358BB2100EAAFFE /* LaunchScreen.storyboard */; };
		16796D822358BB2100EAAFFE /* rejackTests.swift in Sources */ = {isa = PBXBuildFile; fileRef = 16796D812358BB2100EAAFFE /* rejackTests.swift */; };
		16796D8D2358BB2100EAAFFE /* rejackUITests.swift in Sources */ = {isa = PBXBuildFile; fileRef = 16796D8C2358BB2100EAAFFE /* rejackUITests.swift */; };
		1690E39D235BC91E000BA76A /* CoreLocation.framework in Frameworks */ = {isa = PBXBuildFile; fileRef = 1690E39C235BC91E000BA76A /* CoreLocation.framework */; };
		1690E39F235BCE93000BA76A /* apikey.plist in Resources */ = {isa = PBXBuildFile; fileRef = 1690E39E235BCE93000BA76A /* apikey.plist */; };
		1690E3A1235BD166000BA76A /* KeyManager.swift in Sources */ = {isa = PBXBuildFile; fileRef = 1690E3A0235BD166000BA76A /* KeyManager.swift */; };
		1690E3C1235BEBF9000BA76A /* SetNavigationViewController.swift in Sources */ = {isa = PBXBuildFile; fileRef = 1690E3C0235BEBF9000BA76A /* SetNavigationViewController.swift */; };
		4D7509E309E8787E129EFFC0 /* Pods_rejack.framework in Frameworks */ = {isa = PBXBuildFile; fileRef = 69BABB8622DD869E9FF43807 /* Pods_rejack.framework */; };
		55AF5A901C2916E7D85B3B04 /* Pods_rejackUITests.framework in Frameworks */ = {isa = PBXBuildFile; fileRef = 50B9332E6A473F7379949942 /* Pods_rejackUITests.framework */; };
/* End PBXBuildFile section */

/* Begin PBXContainerItemProxy section */
		16796D7E2358BB2100EAAFFE /* PBXContainerItemProxy */ = {
			isa = PBXContainerItemProxy;
			containerPortal = 16796D612358BB2000EAAFFE /* Project object */;
			proxyType = 1;
			remoteGlobalIDString = 16796D682358BB2000EAAFFE;
			remoteInfo = rejack;
		};
		16796D892358BB2100EAAFFE /* PBXContainerItemProxy */ = {
			isa = PBXContainerItemProxy;
			containerPortal = 16796D612358BB2000EAAFFE /* Project object */;
			proxyType = 1;
			remoteGlobalIDString = 16796D682358BB2000EAAFFE;
			remoteInfo = rejack;
		};
/* End PBXContainerItemProxy section */

/* Begin PBXFileReference section */
		1612C330235C100A0047A03A /* running.png */ = {isa = PBXFileReference; lastKnownFileType = image.png; path = running.png; sourceTree = "<group>"; };
		1612C332235C10100047A03A /* stop.png */ = {isa = PBXFileReference; lastKnownFileType = image.png; path = stop.png; sourceTree = "<group>"; };
		162075CD2358BC8E003D7316 /* rejack.entitlements */ = {isa = PBXFileReference; lastKnownFileType = text.plist.entitlements; path = rejack.entitlements; sourceTree = "<group>"; };
		162075CF2358BC9D003D7316 /* CoreNFC.framework */ = {isa = PBXFileReference; lastKnownFileType = wrapper.framework; name = CoreNFC.framework; path = System/Library/Frameworks/CoreNFC.framework; sourceTree = SDKROOT; };
		164A9264235AD3310002901E /* RideOnViewController.swift */ = {isa = PBXFileReference; lastKnownFileType = sourcecode.swift; path = RideOnViewController.swift; sourceTree = "<group>"; };
		164A9266235AD33E0002901E /* RideOffViewController.swift */ = {isa = PBXFileReference; lastKnownFileType = sourcecode.swift; path = RideOffViewController.swift; sourceTree = "<group>"; };
		164A926E235AD5910002901E /* HomeViewController.swift */ = {isa = PBXFileReference; lastKnownFileType = sourcecode.swift; path = HomeViewController.swift; sourceTree = "<group>"; };
		167330A3237184460027F06D /* StopViewController.swift */ = {isa = PBXFileReference; lastKnownFileType = sourcecode.swift; path = StopViewController.swift; sourceTree = "<group>"; };
		16796D692358BB2000EAAFFE /* rejack.app */ = {isa = PBXFileReference; explicitFileType = wrapper.application; includeInIndex = 0; path = rejack.app; sourceTree = BUILT_PRODUCTS_DIR; };
		16796D6C2358BB2000EAAFFE /* AppDelegate.swift */ = {isa = PBXFileReference; lastKnownFileType = sourcecode.swift; path = AppDelegate.swift; sourceTree = "<group>"; };
		16796D712358BB2000EAAFFE /* Base */ = {isa = PBXFileReference; lastKnownFileType = file.storyboard; name = Base; path = Base.lproj/Main.storyboard; sourceTree = "<group>"; };
		16796D732358BB2100EAAFFE /* Assets.xcassets */ = {isa = PBXFileReference; lastKnownFileType = folder.assetcatalog; path = Assets.xcassets; sourceTree = "<group>"; };
		16796D762358BB2100EAAFFE /* Base */ = {isa = PBXFileReference; lastKnownFileType = file.storyboard; name = Base; path = Base.lproj/LaunchScreen.storyboard; sourceTree = "<group>"; };
		16796D782358BB2100EAAFFE /* Info.plist */ = {isa = PBXFileReference; lastKnownFileType = text.plist.xml; path = Info.plist; sourceTree = "<group>"; };
		16796D7D2358BB2100EAAFFE /* rejackTests.xctest */ = {isa = PBXFileReference; explicitFileType = wrapper.cfbundle; includeInIndex = 0; path = rejackTests.xctest; sourceTree = BUILT_PRODUCTS_DIR; };
		16796D812358BB2100EAAFFE /* rejackTests.swift */ = {isa = PBXFileReference; lastKnownFileType = sourcecode.swift; path = rejackTests.swift; sourceTree = "<group>"; };
		16796D832358BB2100EAAFFE /* Info.plist */ = {isa = PBXFileReference; lastKnownFileType = text.plist.xml; path = Info.plist; sourceTree = "<group>"; };
		16796D882358BB2100EAAFFE /* rejackUITests.xctest */ = {isa = PBXFileReference; explicitFileType = wrapper.cfbundle; includeInIndex = 0; path = rejackUITests.xctest; sourceTree = BUILT_PRODUCTS_DIR; };
		16796D8C2358BB2100EAAFFE /* rejackUITests.swift */ = {isa = PBXFileReference; lastKnownFileType = sourcecode.swift; path = rejackUITests.swift; sourceTree = "<group>"; };
		16796D8E2358BB2100EAAFFE /* Info.plist */ = {isa = PBXFileReference; lastKnownFileType = text.plist.xml; path = Info.plist; sourceTree = "<group>"; };
		1690E39C235BC91E000BA76A /* CoreLocation.framework */ = {isa = PBXFileReference; lastKnownFileType = wrapper.framework; name = CoreLocation.framework; path = System/Library/Frameworks/CoreLocation.framework; sourceTree = SDKROOT; };
		1690E39E235BCE93000BA76A /* apikey.plist */ = {isa = PBXFileReference; lastKnownFileType = text.plist.xml; path = apikey.plist; sourceTree = "<group>"; };
		1690E3A0235BD166000BA76A /* KeyManager.swift */ = {isa = PBXFileReference; lastKnownFileType = sourcecode.swift; path = KeyManager.swift; sourceTree = "<group>"; };
		1690E3C0235BEBF9000BA76A /* SetNavigationViewController.swift */ = {isa = PBXFileReference; lastKnownFileType = sourcecode.swift; path = SetNavigationViewController.swift; sourceTree = "<group>"; };
		218547299DE32A70C1ED2774 /* Pods-rejackUITests.release.xcconfig */ = {isa = PBXFileReference; includeInIndex = 1; lastKnownFileType = text.xcconfig; name = "Pods-rejackUITests.release.xcconfig"; path = "Pods/Target Support Files/Pods-rejackUITests/Pods-rejackUITests.release.xcconfig"; sourceTree = "<group>"; };
		3BE095DEA58EE1861F78D112 /* Pods-rejackTests.release.xcconfig */ = {isa = PBXFileReference; includeInIndex = 1; lastKnownFileType = text.xcconfig; name = "Pods-rejackTests.release.xcconfig"; path = "Pods/Target Support Files/Pods-rejackTests/Pods-rejackTests.release.xcconfig"; sourceTree = "<group>"; };
		50B9332E6A473F7379949942 /* Pods_rejackUITests.framework */ = {isa = PBXFileReference; explicitFileType = wrapper.framework; includeInIndex = 0; path = Pods_rejackUITests.framework; sourceTree = BUILT_PRODUCTS_DIR; };
		5EA454EEECD3AA54093548F6 /* Pods-rejack.release.xcconfig */ = {isa = PBXFileReference; includeInIndex = 1; lastKnownFileType = text.xcconfig; name = "Pods-rejack.release.xcconfig"; path = "Pods/Target Support Files/Pods-rejack/Pods-rejack.release.xcconfig"; sourceTree = "<group>"; };
		69BABB8622DD869E9FF43807 /* Pods_rejack.framework */ = {isa = PBXFileReference; explicitFileType = wrapper.framework; includeInIndex = 0; path = Pods_rejack.framework; sourceTree = BUILT_PRODUCTS_DIR; };
		6E4B1BFB831CDD9EE7D7C033 /* Pods-rejack.debug.xcconfig */ = {isa = PBXFileReference; includeInIndex = 1; lastKnownFileType = text.xcconfig; name = "Pods-rejack.debug.xcconfig"; path = "Pods/Target Support Files/Pods-rejack/Pods-rejack.debug.xcconfig"; sourceTree = "<group>"; };
		F0ADF5A928C73EFD803535F5 /* Pods_rejackTests.framework */ = {isa = PBXFileReference; explicitFileType = wrapper.framework; includeInIndex = 0; path = Pods_rejackTests.framework; sourceTree = BUILT_PRODUCTS_DIR; };
		F210CF381321713F599A946C /* Pods-rejackTests.debug.xcconfig */ = {isa = PBXFileReference; includeInIndex = 1; lastKnownFileType = text.xcconfig; name = "Pods-rejackTests.debug.xcconfig"; path = "Pods/Target Support Files/Pods-rejackTests/Pods-rejackTests.debug.xcconfig"; sourceTree = "<group>"; };
		F2F133B00BADA405D4868CBB /* Pods-rejackUITests.debug.xcconfig */ = {isa = PBXFileReference; includeInIndex = 1; lastKnownFileType = text.xcconfig; name = "Pods-rejackUITests.debug.xcconfig"; path = "Pods/Target Support Files/Pods-rejackUITests/Pods-rejackUITests.debug.xcconfig"; sourceTree = "<group>"; };
/* End PBXFileReference section */

/* Begin PBXFrameworksBuildPhase section */
		16796D662358BB2000EAAFFE /* Frameworks */ = {
			isa = PBXFrameworksBuildPhase;
			buildActionMask = 2147483647;
			files = (
				1690E39D235BC91E000BA76A /* CoreLocation.framework in Frameworks */,
				162D2C8B2359E7DB00183E24 /* CoreNFC.framework in Frameworks */,
				4D7509E309E8787E129EFFC0 /* Pods_rejack.framework in Frameworks */,
			);
			runOnlyForDeploymentPostprocessing = 0;
		};
		16796D7A2358BB2100EAAFFE /* Frameworks */ = {
			isa = PBXFrameworksBuildPhase;
			buildActionMask = 2147483647;
			files = (
				0013D65534E50A3F1BBC4D0E /* Pods_rejackTests.framework in Frameworks */,
			);
			runOnlyForDeploymentPostprocessing = 0;
		};
		16796D852358BB2100EAAFFE /* Frameworks */ = {
			isa = PBXFrameworksBuildPhase;
			buildActionMask = 2147483647;
			files = (
				55AF5A901C2916E7D85B3B04 /* Pods_rejackUITests.framework in Frameworks */,
			);
			runOnlyForDeploymentPostprocessing = 0;
		};
/* End PBXFrameworksBuildPhase section */

/* Begin PBXGroup section */
		162075CE2358BC9D003D7316 /* Frameworks */ = {
			isa = PBXGroup;
			children = (
				1690E39C235BC91E000BA76A /* CoreLocation.framework */,
				162075CF2358BC9D003D7316 /* CoreNFC.framework */,
				69BABB8622DD869E9FF43807 /* Pods_rejack.framework */,
				F0ADF5A928C73EFD803535F5 /* Pods_rejackTests.framework */,
				50B9332E6A473F7379949942 /* Pods_rejackUITests.framework */,
			);
			name = Frameworks;
			sourceTree = "<group>";
		};
		16796D602358BB2000EAAFFE = {
			isa = PBXGroup;
			children = (
				16796D6B2358BB2000EAAFFE /* rejack */,
				16796D802358BB2100EAAFFE /* rejackTests */,
				16796D8B2358BB2100EAAFFE /* rejackUITests */,
				16796D6A2358BB2000EAAFFE /* Products */,
				162075CE2358BC9D003D7316 /* Frameworks */,
				FF294661B2E52B705B0D1F14 /* Pods */,
			);
			sourceTree = "<group>";
		};
		16796D6A2358BB2000EAAFFE /* Products */ = {
			isa = PBXGroup;
			children = (
				16796D692358BB2000EAAFFE /* rejack.app */,
				16796D7D2358BB2100EAAFFE /* rejackTests.xctest */,
				16796D882358BB2100EAAFFE /* rejackUITests.xctest */,
			);
			name = Products;
			sourceTree = "<group>";
		};
		16796D6B2358BB2000EAAFFE /* rejack */ = {
			isa = PBXGroup;
			children = (
				162075CD2358BC8E003D7316 /* rejack.entitlements */,
				16796D6C2358BB2000EAAFFE /* AppDelegate.swift */,
				1690E3A0235BD166000BA76A /* KeyManager.swift */,
				164A926E235AD5910002901E /* HomeViewController.swift */,
				1690E3C0235BEBF9000BA76A /* SetNavigationViewController.swift */,
				164A9264235AD3310002901E /* RideOnViewController.swift */,
				167330A3237184460027F06D /* StopViewController.swift */,
				164A9266235AD33E0002901E /* RideOffViewController.swift */,
				16796D702358BB2000EAAFFE /* Main.storyboard */,
				1612C330235C100A0047A03A /* running.png */,
				1612C332235C10100047A03A /* stop.png */,
				16796D732358BB2100EAAFFE /* Assets.xcassets */,
				16796D752358BB2100EAAFFE /* LaunchScreen.storyboard */,
				16796D782358BB2100EAAFFE /* Info.plist */,
				1690E39E235BCE93000BA76A /* apikey.plist */,
			);
			path = rejack;
			sourceTree = "<group>";
		};
		16796D802358BB2100EAAFFE /* rejackTests */ = {
			isa = PBXGroup;
			children = (
				16796D812358BB2100EAAFFE /* rejackTests.swift */,
				16796D832358BB2100EAAFFE /* Info.plist */,
			);
			path = rejackTests;
			sourceTree = "<group>";
		};
		16796D8B2358BB2100EAAFFE /* rejackUITests */ = {
			isa = PBXGroup;
			children = (
				16796D8C2358BB2100EAAFFE /* rejackUITests.swift */,
				16796D8E2358BB2100EAAFFE /* Info.plist */,
			);
			path = rejackUITests;
			sourceTree = "<group>";
		};
		FF294661B2E52B705B0D1F14 /* Pods */ = {
			isa = PBXGroup;
			children = (
				6E4B1BFB831CDD9EE7D7C033 /* Pods-rejack.debug.xcconfig */,
				5EA454EEECD3AA54093548F6 /* Pods-rejack.release.xcconfig */,
				F210CF381321713F599A946C /* Pods-rejackTests.debug.xcconfig */,
				3BE095DEA58EE1861F78D112 /* Pods-rejackTests.release.xcconfig */,
				F2F133B00BADA405D4868CBB /* Pods-rejackUITests.debug.xcconfig */,
				218547299DE32A70C1ED2774 /* Pods-rejackUITests.release.xcconfig */,
			);
			name = Pods;
			sourceTree = "<group>";
		};
/* End PBXGroup section */

/* Begin PBXNativeTarget section */
		16796D682358BB2000EAAFFE /* rejack */ = {
			isa = PBXNativeTarget;
			buildConfigurationList = 16796D912358BB2100EAAFFE /* Build configuration list for PBXNativeTarget "rejack" */;
			buildPhases = (
				019F21C5178E94DD68C36281 /* [CP] Check Pods Manifest.lock */,
				16796D652358BB2000EAAFFE /* Sources */,
				16796D662358BB2000EAAFFE /* Frameworks */,
				16796D672358BB2000EAAFFE /* Resources */,
				65D8ACFACF5110F4D04B328C /* [CP] Embed Pods Frameworks */,
			);
			buildRules = (
			);
			dependencies = (
			);
			name = rejack;
			productName = rejack;
			productReference = 16796D692358BB2000EAAFFE /* rejack.app */;
			productType = "com.apple.product-type.application";
		};
		16796D7C2358BB2100EAAFFE /* rejackTests */ = {
			isa = PBXNativeTarget;
			buildConfigurationList = 16796D942358BB2100EAAFFE /* Build configuration list for PBXNativeTarget "rejackTests" */;
			buildPhases = (
				85DCC8E5CDD184EEBFD45287 /* [CP] Check Pods Manifest.lock */,
				16796D792358BB2100EAAFFE /* Sources */,
				16796D7A2358BB2100EAAFFE /* Frameworks */,
				16796D7B2358BB2100EAAFFE /* Resources */,
			);
			buildRules = (
			);
			dependencies = (
				16796D7F2358BB2100EAAFFE /* PBXTargetDependency */,
			);
			name = rejackTests;
			productName = rejackTests;
			productReference = 16796D7D2358BB2100EAAFFE /* rejackTests.xctest */;
			productType = "com.apple.product-type.bundle.unit-test";
		};
		16796D872358BB2100EAAFFE /* rejackUITests */ = {
			isa = PBXNativeTarget;
			buildConfigurationList = 16796D972358BB2100EAAFFE /* Build configuration list for PBXNativeTarget "rejackUITests" */;
			buildPhases = (
				A18B4AA5664665172CC3E630 /* [CP] Check Pods Manifest.lock */,
				16796D842358BB2100EAAFFE /* Sources */,
				16796D852358BB2100EAAFFE /* Frameworks */,
				16796D862358BB2100EAAFFE /* Resources */,
			);
			buildRules = (
			);
			dependencies = (
				16796D8A2358BB2100EAAFFE /* PBXTargetDependency */,
			);
			name = rejackUITests;
			productName = rejackUITests;
			productReference = 16796D882358BB2100EAAFFE /* rejackUITests.xctest */;
			productType = "com.apple.product-type.bundle.ui-testing";
		};
/* End PBXNativeTarget section */

/* Begin PBXProject section */
		16796D612358BB2000EAAFFE /* Project object */ = {
			isa = PBXProject;
			attributes = {
				LastSwiftUpdateCheck = 1010;
				LastUpgradeCheck = 1010;
				ORGANIZATIONNAME = "梶原大進";
				TargetAttributes = {
					16796D682358BB2000EAAFFE = {
						CreatedOnToolsVersion = 10.1;
						SystemCapabilities = {
							com.apple.NearFieldCommunicationTagReading = {
								enabled = 1;
							};
							com.apple.Push = {
								enabled = 0;
							};
						};
					};
					16796D7C2358BB2100EAAFFE = {
						CreatedOnToolsVersion = 10.1;
						TestTargetID = 16796D682358BB2000EAAFFE;
					};
					16796D872358BB2100EAAFFE = {
						CreatedOnToolsVersion = 10.1;
						TestTargetID = 16796D682358BB2000EAAFFE;
					};
				};
			};
			buildConfigurationList = 16796D642358BB2000EAAFFE /* Build configuration list for PBXProject "rejack" */;
			compatibilityVersion = "Xcode 9.3";
			developmentRegion = en;
			hasScannedForEncodings = 0;
			knownRegions = (
				en,
				Base,
			);
			mainGroup = 16796D602358BB2000EAAFFE;
			productRefGroup = 16796D6A2358BB2000EAAFFE /* Products */;
			projectDirPath = "";
			projectRoot = "";
			targets = (
				16796D682358BB2000EAAFFE /* rejack */,
				16796D7C2358BB2100EAAFFE /* rejackTests */,
				16796D872358BB2100EAAFFE /* rejackUITests */,
			);
		};
/* End PBXProject section */

/* Begin PBXResourcesBuildPhase section */
		16796D672358BB2000EAAFFE /* Resources */ = {
			isa = PBXResourcesBuildPhase;
			buildActionMask = 2147483647;
			files = (
				1612C331235C100A0047A03A /* running.png in Resources */,
				16796D772358BB2100EAAFFE /* LaunchScreen.storyboard in Resources */,
				1690E39F235BCE93000BA76A /* apikey.plist in Resources */,
				16796D742358BB2100EAAFFE /* Assets.xcassets in Resources */,
				16796D722358BB2000EAAFFE /* Main.storyboard in Resources */,
				1612C333235C10100047A03A /* stop.png in Resources */,
			);
			runOnlyForDeploymentPostprocessing = 0;
		};
		16796D7B2358BB2100EAAFFE /* Resources */ = {
			isa = PBXResourcesBuildPhase;
			buildActionMask = 2147483647;
			files = (
			);
			runOnlyForDeploymentPostprocessing = 0;
		};
		16796D862358BB2100EAAFFE /* Resources */ = {
			isa = PBXResourcesBuildPhase;
			buildActionMask = 2147483647;
			files = (
			);
			runOnlyForDeploymentPostprocessing = 0;
		};
/* End PBXResourcesBuildPhase section */

/* Begin PBXShellScriptBuildPhase section */
		019F21C5178E94DD68C36281 /* [CP] Check Pods Manifest.lock */ = {
			isa = PBXShellScriptBuildPhase;
			buildActionMask = 2147483647;
			files = (
			);
			inputFileListPaths = (
			);
			inputPaths = (
				"${PODS_PODFILE_DIR_PATH}/Podfile.lock",
				"${PODS_ROOT}/Manifest.lock",
			);
			name = "[CP] Check Pods Manifest.lock";
			outputFileListPaths = (
			);
			outputPaths = (
				"$(DERIVED_FILE_DIR)/Pods-rejack-checkManifestLockResult.txt",
			);
			runOnlyForDeploymentPostprocessing = 0;
			shellPath = /bin/sh;
			shellScript = "diff \"${PODS_PODFILE_DIR_PATH}/Podfile.lock\" \"${PODS_ROOT}/Manifest.lock\" > /dev/null\nif [ $? != 0 ] ; then\n    # print error to STDERR\n    echo \"error: The sandbox is not in sync with the Podfile.lock. Run 'pod install' or update your CocoaPods installation.\" >&2\n    exit 1\nfi\n# This output is used by Xcode 'outputs' to avoid re-running this script phase.\necho \"SUCCESS\" > \"${SCRIPT_OUTPUT_FILE_0}\"\n";
			showEnvVarsInLog = 0;
		};
		65D8ACFACF5110F4D04B328C /* [CP] Embed Pods Frameworks */ = {
			isa = PBXShellScriptBuildPhase;
			buildActionMask = 2147483647;
			files = (
			);
			inputFileListPaths = (
			);
			inputPaths = (
				"${SRCROOT}/Pods/Target Support Files/Pods-rejack/Pods-rejack-frameworks.sh",
				"${BUILT_PRODUCTS_DIR}/Alamofire/Alamofire.framework",
				"${BUILT_PRODUCTS_DIR}/SwiftyJSON/SwiftyJSON.framework",
			);
			name = "[CP] Embed Pods Frameworks";
			outputFileListPaths = (
			);
			outputPaths = (
				"${TARGET_BUILD_DIR}/${FRAMEWORKS_FOLDER_PATH}/Alamofire.framework",
				"${TARGET_BUILD_DIR}/${FRAMEWORKS_FOLDER_PATH}/SwiftyJSON.framework",
			);
			runOnlyForDeploymentPostprocessing = 0;
			shellPath = /bin/sh;
			shellScript = "\"${SRCROOT}/Pods/Target Support Files/Pods-rejack/Pods-rejack-frameworks.sh\"\n";
			showEnvVarsInLog = 0;
		};
		85DCC8E5CDD184EEBFD45287 /* [CP] Check Pods Manifest.lock */ = {
			isa = PBXShellScriptBuildPhase;
			buildActionMask = 2147483647;
			files = (
			);
			inputFileListPaths = (
			);
			inputPaths = (
				"${PODS_PODFILE_DIR_PATH}/Podfile.lock",
				"${PODS_ROOT}/Manifest.lock",
			);
			name = "[CP] Check Pods Manifest.lock";
			outputFileListPaths = (
			);
			outputPaths = (
				"$(DERIVED_FILE_DIR)/Pods-rejackTests-checkManifestLockResult.txt",
			);
			runOnlyForDeploymentPostprocessing = 0;
			shellPath = /bin/sh;
			shellScript = "diff \"${PODS_PODFILE_DIR_PATH}/Podfile.lock\" \"${PODS_ROOT}/Manifest.lock\" > /dev/null\nif [ $? != 0 ] ; then\n    # print error to STDERR\n    echo \"error: The sandbox is not in sync with the Podfile.lock. Run 'pod install' or update your CocoaPods installation.\" >&2\n    exit 1\nfi\n# This output is used by Xcode 'outputs' to avoid re-running this script phase.\necho \"SUCCESS\" > \"${SCRIPT_OUTPUT_FILE_0}\"\n";
			showEnvVarsInLog = 0;
		};
		A18B4AA5664665172CC3E630 /* [CP] Check Pods Manifest.lock */ = {
			isa = PBXShellScriptBuildPhase;
			buildActionMask = 2147483647;
			files = (
			);
			inputFileListPaths = (
			);
			inputPaths = (
				"${PODS_PODFILE_DIR_PATH}/Podfile.lock",
				"${PODS_ROOT}/Manifest.lock",
			);
			name = "[CP] Check Pods Manifest.lock";
			outputFileListPaths = (
			);
			outputPaths = (
				"$(DERIVED_FILE_DIR)/Pods-rejackUITests-checkManifestLockResult.txt",
			);
			runOnlyForDeploymentPostprocessing = 0;
			shellPath = /bin/sh;
			shellScript = "diff \"${PODS_PODFILE_DIR_PATH}/Podfile.lock\" \"${PODS_ROOT}/Manifest.lock\" > /dev/null\nif [ $? != 0 ] ; then\n    # print error to STDERR\n    echo \"error: The sandbox is not in sync with the Podfile.lock. Run 'pod install' or update your CocoaPods installation.\" >&2\n    exit 1\nfi\n# This output is used by Xcode 'outputs' to avoid re-running this script phase.\necho \"SUCCESS\" > \"${SCRIPT_OUTPUT_FILE_0}\"\n";
			showEnvVarsInLog = 0;
		};
/* End PBXShellScriptBuildPhase section */

/* Begin PBXSourcesBuildPhase section */
		16796D652358BB2000EAAFFE /* Sources */ = {
			isa = PBXSourcesBuildPhase;
			buildActionMask = 2147483647;
			files = (
				164A9267235AD33E0002901E /* RideOffViewController.swift in Sources */,
				1690E3A1235BD166000BA76A /* KeyManager.swift in Sources */,
				164A9265235AD3310002901E /* RideOnViewController.swift in Sources */,
				164A926F235AD5910002901E /* HomeViewController.swift in Sources */,
				167330A4237184460027F06D /* StopViewController.swift in Sources */,
				16796D6D2358BB2000EAAFFE /* AppDelegate.swift in Sources */,
				1690E3C1235BEBF9000BA76A /* SetNavigationViewController.swift in Sources */,
			);
			runOnlyForDeploymentPostprocessing = 0;
		};
		16796D792358BB2100EAAFFE /* Sources */ = {
			isa = PBXSourcesBuildPhase;
			buildActionMask = 2147483647;
			files = (
				16796D822358BB2100EAAFFE /* rejackTests.swift in Sources */,
			);
			runOnlyForDeploymentPostprocessing = 0;
		};
		16796D842358BB2100EAAFFE /* Sources */ = {
			isa = PBXSourcesBuildPhase;
			buildActionMask = 2147483647;
			files = (
				16796D8D2358BB2100EAAFFE /* rejackUITests.swift in Sources */,
			);
			runOnlyForDeploymentPostprocessing = 0;
		};
/* End PBXSourcesBuildPhase section */

/* Begin PBXTargetDependency section */
		16796D7F2358BB2100EAAFFE /* PBXTargetDependency */ = {
			isa = PBXTargetDependency;
			target = 16796D682358BB2000EAAFFE /* rejack */;
			targetProxy = 16796D7E2358BB2100EAAFFE /* PBXContainerItemProxy */;
		};
		16796D8A2358BB2100EAAFFE /* PBXTargetDependency */ = {
			isa = PBXTargetDependency;
			target = 16796D682358BB2000EAAFFE /* rejack */;
			targetProxy = 16796D892358BB2100EAAFFE /* PBXContainerItemProxy */;
		};
/* End PBXTargetDependency section */

/* Begin PBXVariantGroup section */
		16796D702358BB2000EAAFFE /* Main.storyboard */ = {
			isa = PBXVariantGroup;
			children = (
				16796D712358BB2000EAAFFE /* Base */,
			);
			name = Main.storyboard;
			sourceTree = "<group>";
		};
		16796D752358BB2100EAAFFE /* LaunchScreen.storyboard */ = {
			isa = PBXVariantGroup;
			children = (
				16796D762358BB2100EAAFFE /* Base */,
			);
			name = LaunchScreen.storyboard;
			sourceTree = "<group>";
		};
/* End PBXVariantGroup section */

/* Begin XCBuildConfiguration section */
		16796D8F2358BB2100EAAFFE /* Debug */ = {
			isa = XCBuildConfiguration;
			buildSettings = {
				ALWAYS_SEARCH_USER_PATHS = NO;
				CLANG_ANALYZER_NONNULL = YES;
				CLANG_ANALYZER_NUMBER_OBJECT_CONVERSION = YES_AGGRESSIVE;
				CLANG_CXX_LANGUAGE_STANDARD = "gnu++14";
				CLANG_CXX_LIBRARY = "libc++";
				CLANG_ENABLE_MODULES = YES;
				CLANG_ENABLE_OBJC_ARC = YES;
				CLANG_ENABLE_OBJC_WEAK = YES;
				CLANG_WARN_BLOCK_CAPTURE_AUTORELEASING = YES;
				CLANG_WARN_BOOL_CONVERSION = YES;
				CLANG_WARN_COMMA = YES;
				CLANG_WARN_CONSTANT_CONVERSION = YES;
				CLANG_WARN_DEPRECATED_OBJC_IMPLEMENTATIONS = YES;
				CLANG_WARN_DIRECT_OBJC_ISA_USAGE = YES_ERROR;
				CLANG_WARN_DOCUMENTATION_COMMENTS = YES;
				CLANG_WARN_EMPTY_BODY = YES;
				CLANG_WARN_ENUM_CONVERSION = YES;
				CLANG_WARN_INFINITE_RECURSION = YES;
				CLANG_WARN_INT_CONVERSION = YES;
				CLANG_WARN_NON_LITERAL_NULL_CONVERSION = YES;
				CLANG_WARN_OBJC_IMPLICIT_RETAIN_SELF = YES;
				CLANG_WARN_OBJC_LITERAL_CONVERSION = YES;
				CLANG_WARN_OBJC_ROOT_CLASS = YES_ERROR;
				CLANG_WARN_RANGE_LOOP_ANALYSIS = YES;
				CLANG_WARN_STRICT_PROTOTYPES = YES;
				CLANG_WARN_SUSPICIOUS_MOVE = YES;
				CLANG_WARN_UNGUARDED_AVAILABILITY = YES_AGGRESSIVE;
				CLANG_WARN_UNREACHABLE_CODE = YES;
				CLANG_WARN__DUPLICATE_METHOD_MATCH = YES;
				CODE_SIGN_IDENTITY = "iPhone Developer";
				COPY_PHASE_STRIP = NO;
				DEBUG_INFORMATION_FORMAT = dwarf;
				ENABLE_STRICT_OBJC_MSGSEND = YES;
				ENABLE_TESTABILITY = YES;
				GCC_C_LANGUAGE_STANDARD = gnu11;
				GCC_DYNAMIC_NO_PIC = NO;
				GCC_NO_COMMON_BLOCKS = YES;
				GCC_OPTIMIZATION_LEVEL = 0;
				GCC_PREPROCESSOR_DEFINITIONS = (
					"DEBUG=1",
					"$(inherited)",
				);
				GCC_WARN_64_TO_32_BIT_CONVERSION = YES;
				GCC_WARN_ABOUT_RETURN_TYPE = YES_ERROR;
				GCC_WARN_UNDECLARED_SELECTOR = YES;
				GCC_WARN_UNINITIALIZED_AUTOS = YES_AGGRESSIVE;
				GCC_WARN_UNUSED_FUNCTION = YES;
				GCC_WARN_UNUSED_VARIABLE = YES;
				IPHONEOS_DEPLOYMENT_TARGET = 12.1;
				MTL_ENABLE_DEBUG_INFO = INCLUDE_SOURCE;
				MTL_FAST_MATH = YES;
				ONLY_ACTIVE_ARCH = YES;
				SDKROOT = iphoneos;
				SWIFT_ACTIVE_COMPILATION_CONDITIONS = DEBUG;
				SWIFT_OPTIMIZATION_LEVEL = "-Onone";
			};
			name = Debug;
		};
		16796D902358BB2100EAAFFE /* Release */ = {
			isa = XCBuildConfiguration;
			buildSettings = {
				ALWAYS_SEARCH_USER_PATHS = NO;
				CLANG_ANALYZER_NONNULL = YES;
				CLANG_ANALYZER_NUMBER_OBJECT_CONVERSION = YES_AGGRESSIVE;
				CLANG_CXX_LANGUAGE_STANDARD = "gnu++14";
				CLANG_CXX_LIBRARY = "libc++";
				CLANG_ENABLE_MODULES = YES;
				CLANG_ENABLE_OBJC_ARC = YES;
				CLANG_ENABLE_OBJC_WEAK = YES;
				CLANG_WARN_BLOCK_CAPTURE_AUTORELEASING = YES;
				CLANG_WARN_BOOL_CONVERSION = YES;
				CLANG_WARN_COMMA = YES;
				CLANG_WARN_CONSTANT_CONVERSION = YES;
				CLANG_WARN_DEPRECATED_OBJC_IMPLEMENTATIONS = YES;
				CLANG_WARN_DIRECT_OBJC_ISA_USAGE = YES_ERROR;
				CLANG_WARN_DOCUMENTATION_COMMENTS = YES;
				CLANG_WARN_EMPTY_BODY = YES;
				CLANG_WARN_ENUM_CONVERSION = YES;
				CLANG_WARN_INFINITE_RECURSION = YES;
				CLANG_WARN_INT_CONVERSION = YES;
				CLANG_WARN_NON_LITERAL_NULL_CONVERSION = YES;
				CLANG_WARN_OBJC_IMPLICIT_RETAIN_SELF = YES;
				CLANG_WARN_OBJC_LITERAL_CONVERSION = YES;
				CLANG_WARN_OBJC_ROOT_CLASS = YES_ERROR;
				CLANG_WARN_RANGE_LOOP_ANALYSIS = YES;
				CLANG_WARN_STRICT_PROTOTYPES = YES;
				CLANG_WARN_SUSPICIOUS_MOVE = YES;
				CLANG_WARN_UNGUARDED_AVAILABILITY = YES_AGGRESSIVE;
				CLANG_WARN_UNREACHABLE_CODE = YES;
				CLANG_WARN__DUPLICATE_METHOD_MATCH = YES;
				CODE_SIGN_IDENTITY = "iPhone Developer";
				COPY_PHASE_STRIP = NO;
				DEBUG_INFORMATION_FORMAT = "dwarf-with-dsym";
				ENABLE_NS_ASSERTIONS = NO;
				ENABLE_STRICT_OBJC_MSGSEND = YES;
				GCC_C_LANGUAGE_STANDARD = gnu11;
				GCC_NO_COMMON_BLOCKS = YES;
				GCC_WARN_64_TO_32_BIT_CONVERSION = YES;
				GCC_WARN_ABOUT_RETURN_TYPE = YES_ERROR;
				GCC_WARN_UNDECLARED_SELECTOR = YES;
				GCC_WARN_UNINITIALIZED_AUTOS = YES_AGGRESSIVE;
				GCC_WARN_UNUSED_FUNCTION = YES;
				GCC_WARN_UNUSED_VARIABLE = YES;
				IPHONEOS_DEPLOYMENT_TARGET = 12.1;
				MTL_ENABLE_DEBUG_INFO = NO;
				MTL_FAST_MATH = YES;
				SDKROOT = iphoneos;
				SWIFT_COMPILATION_MODE = wholemodule;
				SWIFT_OPTIMIZATION_LEVEL = "-O";
				VALIDATE_PRODUCT = YES;
			};
			name = Release;
		};
		16796D922358BB2100EAAFFE /* Debug */ = {
			isa = XCBuildConfiguration;
			baseConfigurationReference = 6E4B1BFB831CDD9EE7D7C033 /* Pods-rejack.debug.xcconfig */;
			buildSettings = {
				ASSETCATALOG_COMPILER_APPICON_NAME = AppIcon;
				CODE_SIGN_ENTITLEMENTS = rejack/rejack.entitlements;
				CODE_SIGN_IDENTITY = "Apple Development: Yuuma Sakata (SM5S5L6NY5)";
				CODE_SIGN_STYLE = Manual;
				DEVELOPMENT_TEAM = FUYNSQ2NQ6;
				INFOPLIST_FILE = rejack/Info.plist;
				LD_RUNPATH_SEARCH_PATHS = (
					"$(inherited)",
					"@executable_path/Frameworks",
				);
				PRODUCT_BUNDLE_IDENTIFIER = tmy.jack.rejack;
				PRODUCT_NAME = "$(TARGET_NAME)";
				PROVISIONING_PROFILE_SPECIFIER = "JPHacks2019 team Saji Development";
				SWIFT_VERSION = 4.2;
				TARGETED_DEVICE_FAMILY = "1,2";
			};
			name = Debug;
		};
		16796D932358BB2100EAAFFE /* Release */ = {
			isa = XCBuildConfiguration;
			baseConfigurationReference = 5EA454EEECD3AA54093548F6 /* Pods-rejack.release.xcconfig */;
			buildSettings = {
				ASSETCATALOG_COMPILER_APPICON_NAME = AppIcon;
				CODE_SIGN_ENTITLEMENTS = rejack/rejack.entitlements;
				CODE_SIGN_IDENTITY = "iPhone Distribution: Yuuma Sakata (FUYNSQ2NQ6)";
				CODE_SIGN_STYLE = Manual;
				DEVELOPMENT_TEAM = FUYNSQ2NQ6;
				INFOPLIST_FILE = rejack/Info.plist;
				LD_RUNPATH_SEARCH_PATHS = (
					"$(inherited)",
					"@executable_path/Frameworks",
				);
				PRODUCT_BUNDLE_IDENTIFIER = tmy.jack.rejack;
				PRODUCT_NAME = "$(TARGET_NAME)";
				PROVISIONING_PROFILE_SPECIFIER = rejack;
				SWIFT_VERSION = 4.2;
				TARGETED_DEVICE_FAMILY = "1,2";
			};
			name = Release;
		};
		16796D952358BB2100EAAFFE /* Debug */ = {
			isa = XCBuildConfiguration;
			baseConfigurationReference = F210CF381321713F599A946C /* Pods-rejackTests.debug.xcconfig */;
			buildSettings = {
				ALWAYS_EMBED_SWIFT_STANDARD_LIBRARIES = YES;
				BUNDLE_LOADER = "$(TEST_HOST)";
				CODE_SIGN_STYLE = Automatic;
				INFOPLIST_FILE = rejackTests/Info.plist;
				LD_RUNPATH_SEARCH_PATHS = (
					"$(inherited)",
					"@executable_path/Frameworks",
					"@loader_path/Frameworks",
				);
				PRODUCT_BUNDLE_IDENTIFIER = tmy.jack.rejackTests;
				PRODUCT_NAME = "$(TARGET_NAME)";
				SWIFT_VERSION = 4.2;
				TARGETED_DEVICE_FAMILY = "1,2";
				TEST_HOST = "$(BUILT_PRODUCTS_DIR)/rejack.app/rejack";
			};
			name = Debug;
		};
		16796D962358BB2100EAAFFE /* Release */ = {
			isa = XCBuildConfiguration;
			baseConfigurationReference = 3BE095DEA58EE1861F78D112 /* Pods-rejackTests.release.xcconfig */;
			buildSettings = {
				ALWAYS_EMBED_SWIFT_STANDARD_LIBRARIES = YES;
				BUNDLE_LOADER = "$(TEST_HOST)";
				CODE_SIGN_STYLE = Automatic;
				INFOPLIST_FILE = rejackTests/Info.plist;
				LD_RUNPATH_SEARCH_PATHS = (
					"$(inherited)",
					"@executable_path/Frameworks",
					"@loader_path/Frameworks",
				);
				PRODUCT_BUNDLE_IDENTIFIER = tmy.jack.rejackTests;
				PRODUCT_NAME = "$(TARGET_NAME)";
				SWIFT_VERSION = 4.2;
				TARGETED_DEVICE_FAMILY = "1,2";
				TEST_HOST = "$(BUILT_PRODUCTS_DIR)/rejack.app/rejack";
			};
			name = Release;
		};
		16796D982358BB2100EAAFFE /* Debug */ = {
			isa = XCBuildConfiguration;
			baseConfigurationReference = F2F133B00BADA405D4868CBB /* Pods-rejackUITests.debug.xcconfig */;
			buildSettings = {
				ALWAYS_EMBED_SWIFT_STANDARD_LIBRARIES = YES;
				CODE_SIGN_STYLE = Automatic;
				INFOPLIST_FILE = rejackUITests/Info.plist;
				LD_RUNPATH_SEARCH_PATHS = (
					"$(inherited)",
					"@executable_path/Frameworks",
					"@loader_path/Frameworks",
				);
				PRODUCT_BUNDLE_IDENTIFIER = tmy.jack.rejackUITests;
				PRODUCT_NAME = "$(TARGET_NAME)";
				SWIFT_VERSION = 4.2;
				TARGETED_DEVICE_FAMILY = "1,2";
				TEST_TARGET_NAME = rejack;
			};
			name = Debug;
		};
		16796D992358BB2100EAAFFE /* Release */ = {
			isa = XCBuildConfiguration;
			baseConfigurationReference = 218547299DE32A70C1ED2774 /* Pods-rejackUITests.release.xcconfig */;
			buildSettings = {
				ALWAYS_EMBED_SWIFT_STANDARD_LIBRARIES = YES;
				CODE_SIGN_STYLE = Automatic;
				INFOPLIST_FILE = rejackUITests/Info.plist;
				LD_RUNPATH_SEARCH_PATHS = (
					"$(inherited)",
					"@executable_path/Frameworks",
					"@loader_path/Frameworks",
				);
				PRODUCT_BUNDLE_IDENTIFIER = tmy.jack.rejackUITests;
				PRODUCT_NAME = "$(TARGET_NAME)";
				SWIFT_VERSION = 4.2;
				TARGETED_DEVICE_FAMILY = "1,2";
				TEST_TARGET_NAME = rejack;
			};
			name = Release;
		};
/* End XCBuildConfiguration section */

/* Begin XCConfigurationList section */
		16796D642358BB2000EAAFFE /* Build configuration list for PBXProject "rejack" */ = {
			isa = XCConfigurationList;
			buildConfigurations = (
				16796D8F2358BB2100EAAFFE /* Debug */,
				16796D902358BB2100EAAFFE /* Release */,
			);
			defaultConfigurationIsVisible = 0;
			defaultConfigurationName = Release;
		};
		16796D912358BB2100EAAFFE /* Build configuration list for PBXNativeTarget "rejack" */ = {
			isa = XCConfigurationList;
			buildConfigurations = (
				16796D922358BB2100EAAFFE /* Debug */,
				16796D932358BB2100EAAFFE /* Release */,
			);
			defaultConfigurationIsVisible = 0;
			defaultConfigurationName = Release;
		};
		16796D942358BB2100EAAFFE /* Build configuration list for PBXNativeTarget "rejackTests" */ = {
			isa = XCConfigurationList;
			buildConfigurations = (
				16796D952358BB2100EAAFFE /* Debug */,
				16796D962358BB2100EAAFFE /* Release */,
			);
			defaultConfigurationIsVisible = 0;
			defaultConfigurationName = Release;
		};
		16796D972358BB2100EAAFFE /* Build configuration list for PBXNativeTarget "rejackUITests" */ = {
			isa = XCConfigurationList;
			buildConfigurations = (
				16796D982358BB2100EAAFFE /* Debug */,
				16796D992358BB2100EAAFFE /* Release */,
			);
			defaultConfigurationIsVisible = 0;
			defaultConfigurationName = Release;
		};
/* End XCConfigurationList section */
	};
	rootObject = 16796D612358BB2000EAAFFE /* Project object */;
}
